
Microsoft Visual Studio Solution File, Format Version 11.00
# Visual Studio 2010
Project("{FAE04EC0-301F-11D3-BF4B-00C04F79EFBC}") = "Assembly-CSharp-firstpass", "Assembly-CSharp-firstpass.csproj", "{718f1942-7120-db32-1f86-2a2cab78bed2}"
EndProject
Project("{FAE04EC0-301F-11D3-BF4B-00C04F79EFBC}") = "Assembly-CSharp", "Assembly-CSharp.csproj", "{d39e788d-3e9f-fc58-1e9e-422564ba5018}"
EndProject
Global
	GlobalSection(SolutionConfigurationPlatforms) = preSolution
		Debug|Any CPU = Debug|Any CPU
		Release|Any CPU = Release|Any CPU
	EndGlobalSection
	GlobalSection(ProjectConfigurationPlatforms) = postSolution
		{718f1942-7120-db32-1f86-2a2cab78bed2}.Debug|Any CPU.ActiveCfg = Debug|Any CPU
		{718f1942-7120-db32-1f86-2a2cab78bed2}.Debug|Any CPU.Build.0 = Debug|Any CPU
		{718f1942-7120-db32-1f86-2a2cab78bed2}.Release|Any CPU.ActiveCfg = Release|Any CPU
		{718f1942-7120-db32-1f86-2a2cab78bed2}.Release|Any CPU.Build.0 = Release|Any CPU
		{d39e788d-3e9f-fc58-1e9e-422564ba5018}.Debug|Any CPU.ActiveCfg = Debug|Any CPU
		{d39e788d-3e9f-fc58-1e9e-422564ba5018}.Debug|Any CPU.Build.0 = Debug|Any CPU
		{d39e788d-3e9f-fc58-1e9e-422564ba5018}.Release|Any CPU.ActiveCfg = Release|Any CPU
		{d39e788d-3e9f-fc58-1e9e-422564ba5018}.Release|Any CPU.Build.0 = Release|Any CPU
	EndGlobalSection
	GlobalSection(SolutionProperties) = preSolution
		HideSolutionNode = FALSE
	EndGlobalSection
EndGlobal
