
Microsoft Visual Studio Solution File, Format Version 11.00
# Visual Studio 2010
Project("{FAE04EC0-301F-11D3-BF4B-00C04F79EFBC}") = "Assembly-CSharp", "Assembly-CSharp.csproj", "{3202a224-e0ef-0911-c8a3-549eba098ad6}"
EndProject
Project("{FAE04EC0-301F-11D3-BF4B-00C04F79EFBC}") = "Assembly-CSharp-Editor", "Assembly-CSharp-Editor.csproj", "{9dffdaae-768f-6e07-4f42-95e4fceef4b5}"
EndProject
Global
	GlobalSection(SolutionConfigurationPlatforms) = preSolution
		Debug|Any CPU = Debug|Any CPU
		Release|Any CPU = Release|Any CPU
	EndGlobalSection
	GlobalSection(ProjectConfigurationPlatforms) = postSolution
		{3202a224-e0ef-0911-c8a3-549eba098ad6}.Debug|Any CPU.ActiveCfg = Debug|Any CPU
		{3202a224-e0ef-0911-c8a3-549eba098ad6}.Debug|Any CPU.Build.0 = Debug|Any CPU
		{3202a224-e0ef-0911-c8a3-549eba098ad6}.Release|Any CPU.ActiveCfg = Release|Any CPU
		{3202a224-e0ef-0911-c8a3-549eba098ad6}.Release|Any CPU.Build.0 = Release|Any CPU
		{9dffdaae-768f-6e07-4f42-95e4fceef4b5}.Debug|Any CPU.ActiveCfg = Debug|Any CPU
		{9dffdaae-768f-6e07-4f42-95e4fceef4b5}.Debug|Any CPU.Build.0 = Debug|Any CPU
		{9dffdaae-768f-6e07-4f42-95e4fceef4b5}.Release|Any CPU.ActiveCfg = Release|Any CPU
		{9dffdaae-768f-6e07-4f42-95e4fceef4b5}.Release|Any CPU.Build.0 = Release|Any CPU
	EndGlobalSection
	GlobalSection(SolutionProperties) = preSolution
		HideSolutionNode = FALSE
	EndGlobalSection
EndGlobal
