
Microsoft Visual Studio Solution File, Format Version 11.00
# Visual Studio 2010
Project("{FAE04EC0-301F-11D3-BF4B-00C04F79EFBC}") = "Assembly-CSharp", "Assembly-CSharp.csproj", "{01f5707f-1d69-77a1-3015-69ed095938f9}"
EndProject
Project("{FAE04EC0-301F-11D3-BF4B-00C04F79EFBC}") = "Assembly-CSharp-Editor", "Assembly-CSharp-Editor.csproj", "{e04f6d7b-e43f-3b30-703e-07e4b9e5bfc5}"
EndProject
Global
	GlobalSection(SolutionConfigurationPlatforms) = preSolution
		Debug|Any CPU = Debug|Any CPU
		Release|Any CPU = Release|Any CPU
	EndGlobalSection
	GlobalSection(ProjectConfigurationPlatforms) = postSolution
		{01f5707f-1d69-77a1-3015-69ed095938f9}.Debug|Any CPU.ActiveCfg = Debug|Any CPU
		{01f5707f-1d69-77a1-3015-69ed095938f9}.Debug|Any CPU.Build.0 = Debug|Any CPU
		{01f5707f-1d69-77a1-3015-69ed095938f9}.Release|Any CPU.ActiveCfg = Release|Any CPU
		{01f5707f-1d69-77a1-3015-69ed095938f9}.Release|Any CPU.Build.0 = Release|Any CPU
		{e04f6d7b-e43f-3b30-703e-07e4b9e5bfc5}.Debug|Any CPU.ActiveCfg = Debug|Any CPU
		{e04f6d7b-e43f-3b30-703e-07e4b9e5bfc5}.Debug|Any CPU.Build.0 = Debug|Any CPU
		{e04f6d7b-e43f-3b30-703e-07e4b9e5bfc5}.Release|Any CPU.ActiveCfg = Release|Any CPU
		{e04f6d7b-e43f-3b30-703e-07e4b9e5bfc5}.Release|Any CPU.Build.0 = Release|Any CPU
	EndGlobalSection
	GlobalSection(SolutionProperties) = preSolution
		HideSolutionNode = FALSE
	EndGlobalSection
EndGlobal
